// !$*UTF8*$!
{
	archiveVersion = 1;
	classes = {
	};
	objectVersion = 56;
	objects = {

/* Begin PBXBuildFile section */
		D3E130D629BD7FD400D09738 /* MovieDatabase.cpp in Sources */ = {isa = PBXBuildFile; fileRef = D3E130CA29BD7FD400D09738 /* MovieDatabase.cpp */; };
		D3E130D729BD7FD400D09738 /* Movie.cpp in Sources */ = {isa = PBXBuildFile; fileRef = D3E130CC29BD7FD400D09738 /* Movie.cpp */; };
		D3E130D829BD7FD400D09738 /* User.cpp in Sources */ = {isa = PBXBuildFile; fileRef = D3E130CE29BD7FD400D09738 /* User.cpp */; };
		D3E130D929BD7FD400D09738 /* main.cpp in Sources */ = {isa = PBXBuildFile; fileRef = D3E130CF29BD7FD400D09738 /* main.cpp */; };
		D3E130DA29BD7FD400D09738 /* UserDatabase.cpp in Sources */ = {isa = PBXBuildFile; fileRef = D3E130D229BD7FD400D09738 /* UserDatabase.cpp */; };
		D3E130DB29BD7FD400D09738 /* Recommender.cpp in Sources */ = {isa = PBXBuildFile; fileRef = D3E130D329BD7FD400D09738 /* Recommender.cpp */; };
/* End PBXBuildFile section */

/* Begin PBXCopyFilesBuildPhase section */
		D3675B6F29B7E29600767078 /* CopyFiles */ = {
			isa = PBXCopyFilesBuildPhase;
			buildActionMask = 2147483647;
			dstPath = /usr/share/man/man1/;
			dstSubfolderSpec = 0;
			files = (
			);
			runOnlyForDeploymentPostprocessing = 1;
		};
/* End PBXCopyFilesBuildPhase section */

/* Begin PBXFileReference section */
		D3675B7129B7E29600767078 /* movieRecc */ = {isa = PBXFileReference; explicitFileType = "compiled.mach-o.executable"; includeInIndex = 0; path = movieRecc; sourceTree = BUILT_PRODUCTS_DIR; };
		D3E130C829BD7FA900D09738 /* MovieDatabase.h */ = {isa = PBXFileReference; fileEncoding = 4; lastKnownFileType = sourcecode.c.h; path = MovieDatabase.h; sourceTree = "<group>"; };
		D3E130C929BD7FD400D09738 /* treemm.h */ = {isa = PBXFileReference; fileEncoding = 4; lastKnownFileType = sourcecode.c.h; path = treemm.h; sourceTree = "<group>"; };
		D3E130CA29BD7FD400D09738 /* MovieDatabase.cpp */ = {isa = PBXFileReference; fileEncoding = 4; lastKnownFileType = sourcecode.cpp.cpp; path = MovieDatabase.cpp; sourceTree = "<group>"; };
		D3E130CB29BD7FD400D09738 /* User.h */ = {isa = PBXFileReference; fileEncoding = 4; lastKnownFileType = sourcecode.c.h; path = User.h; sourceTree = "<group>"; };
		D3E130CC29BD7FD400D09738 /* Movie.cpp */ = {isa = PBXFileReference; fileEncoding = 4; lastKnownFileType = sourcecode.cpp.cpp; path = Movie.cpp; sourceTree = "<group>"; };
		D3E130CD29BD7FD400D09738 /* UserDatabase.h */ = {isa = PBXFileReference; fileEncoding = 4; lastKnownFileType = sourcecode.c.h; path = UserDatabase.h; sourceTree = "<group>"; };
		D3E130CE29BD7FD400D09738 /* User.cpp */ = {isa = PBXFileReference; fileEncoding = 4; lastKnownFileType = sourcecode.cpp.cpp; path = User.cpp; sourceTree = "<group>"; };
		D3E130CF29BD7FD400D09738 /* main.cpp */ = {isa = PBXFileReference; fileEncoding = 4; lastKnownFileType = sourcecode.cpp.cpp; path = main.cpp; sourceTree = "<group>"; };
		D3E130D029BD7FD400D09738 /* Movie.h */ = {isa = PBXFileReference; fileEncoding = 4; lastKnownFileType = sourcecode.c.h; path = Movie.h; sourceTree = "<group>"; };
		D3E130D129BD7FD400D09738 /* movies.txt */ = {isa = PBXFileReference; fileEncoding = 4; lastKnownFileType = text; path = movies.txt; sourceTree = "<group>"; };
		D3E130D229BD7FD400D09738 /* UserDatabase.cpp */ = {isa = PBXFileReference; fileEncoding = 4; lastKnownFileType = sourcecode.cpp.cpp; path = UserDatabase.cpp; sourceTree = "<group>"; };
		D3E130D329BD7FD400D09738 /* Recommender.cpp */ = {isa = PBXFileReference; fileEncoding = 4; lastKnownFileType = sourcecode.cpp.cpp; path = Recommender.cpp; sourceTree = "<group>"; };
		D3E130D429BD7FD400D09738 /* users.txt */ = {isa = PBXFileReference; fileEncoding = 4; lastKnownFileType = text; path = users.txt; sourceTree = "<group>"; };
		D3E130D529BD7FD400D09738 /* Recommender.h */ = {isa = PBXFileReference; fileEncoding = 4; lastKnownFileType = sourcecode.c.h; path = Recommender.h; sourceTree = "<group>"; };
		D3E130DC29BE890200D09738 /* userTest.txt */ = {isa = PBXFileReference; lastKnownFileType = text; path = userTest.txt; sourceTree = "<group>"; };
		D3E130DD29BE891F00D09738 /* movieTest.txt */ = {isa = PBXFileReference; lastKnownFileType = text; path = movieTest.txt; sourceTree = "<group>"; };
/* End PBXFileReference section */

/* Begin PBXFrameworksBuildPhase section */
		D3675B6E29B7E29600767078 /* Frameworks */ = {
			isa = PBXFrameworksBuildPhase;
			buildActionMask = 2147483647;
			files = (
			);
			runOnlyForDeploymentPostprocessing = 0;
		};
/* End PBXFrameworksBuildPhase section */

/* Begin PBXGroup section */
		D3675B6829B7E29600767078 = {
			isa = PBXGroup;
			children = (
				D3675B7329B7E29600767078 /* movieRecc */,
				D3675B7229B7E29600767078 /* Products */,
				D3E130DE29BEA24900D09738 /* Frameworks */,
			);
			sourceTree = "<group>";
		};
		D3675B7229B7E29600767078 /* Products */ = {
			isa = PBXGroup;
			children = (
				D3675B7129B7E29600767078 /* movieRecc */,
			);
			name = Products;
			sourceTree = "<group>";
		};
		D3675B7329B7E29600767078 /* movieRecc */ = {
			isa = PBXGroup;
			children = (
				D3E130CF29BD7FD400D09738 /* main.cpp */,
				D3E130CC29BD7FD400D09738 /* Movie.cpp */,
				D3E130D029BD7FD400D09738 /* Movie.h */,
				D3E130CA29BD7FD400D09738 /* MovieDatabase.cpp */,
				D3E130D129BD7FD400D09738 /* movies.txt */,
				D3E130D329BD7FD400D09738 /* Recommender.cpp */,
				D3E130D529BD7FD400D09738 /* Recommender.h */,
				D3E130C929BD7FD400D09738 /* treemm.h */,
				D3E130CE29BD7FD400D09738 /* User.cpp */,
				D3E130CB29BD7FD400D09738 /* User.h */,
				D3E130D229BD7FD400D09738 /* UserDatabase.cpp */,
				D3E130CD29BD7FD400D09738 /* UserDatabase.h */,
				D3E130D429BD7FD400D09738 /* users.txt */,
				D3E130C829BD7FA900D09738 /* MovieDatabase.h */,
				D3E130DC29BE890200D09738 /* userTest.txt */,
				D3E130DD29BE891F00D09738 /* movieTest.txt */,
			);
			path = movieRecc;
			sourceTree = "<group>";
		};
		D3E130DE29BEA24900D09738 /* Frameworks */ = {
			isa = PBXGroup;
			children = (
			);
			name = Frameworks;
			sourceTree = "<group>";
		};
/* End PBXGroup section */

/* Begin PBXNativeTarget section */
		D3675B7029B7E29600767078 /* movieRecc */ = {
			isa = PBXNativeTarget;
			buildConfigurationList = D3675B7829B7E29600767078 /* Build configuration list for PBXNativeTarget "movieRecc" */;
			buildPhases = (
				D3675B6D29B7E29600767078 /* Sources */,
				D3675B6E29B7E29600767078 /* Frameworks */,
				D3675B6F29B7E29600767078 /* CopyFiles */,
			);
			buildRules = (
			);
			dependencies = (
			);
			name = movieRecc;
			productName = movieRecc;
			productReference = D3675B7129B7E29600767078 /* movieRecc */;
			productType = "com.apple.product-type.tool";
		};
/* End PBXNativeTarget section */

/* Begin PBXProject section */
		D3675B6929B7E29600767078 /* Project object */ = {
			isa = PBXProject;
			attributes = {
				BuildIndependentTargetsInParallel = 1;
				LastUpgradeCheck = 1420;
				TargetAttributes = {
					D3675B7029B7E29600767078 = {
						CreatedOnToolsVersion = 14.2;
					};
				};
			};
			buildConfigurationList = D3675B6C29B7E29600767078 /* Build configuration list for PBXProject "movieRecc" */;
			compatibilityVersion = "Xcode 14.0";
			developmentRegion = en;
			hasScannedForEncodings = 0;
			knownRegions = (
				en,
				Base,
			);
			mainGroup = D3675B6829B7E29600767078;
			productRefGroup = D3675B7229B7E29600767078 /* Products */;
			projectDirPath = "";
			projectRoot = "";
			targets = (
				D3675B7029B7E29600767078 /* movieRecc */,
			);
		};
/* End PBXProject section */

/* Begin PBXSourcesBuildPhase section */
		D3675B6D29B7E29600767078 /* Sources */ = {
			isa = PBXSourcesBuildPhase;
			buildActionMask = 2147483647;
			files = (
				D3E130D829BD7FD400D09738 /* User.cpp in Sources */,
				D3E130DA29BD7FD400D09738 /* UserDatabase.cpp in Sources */,
				D3E130D729BD7FD400D09738 /* Movie.cpp in Sources */,
				D3E130D929BD7FD400D09738 /* main.cpp in Sources */,
				D3E130D629BD7FD400D09738 /* MovieDatabase.cpp in Sources */,
				D3E130DB29BD7FD400D09738 /* Recommender.cpp in Sources */,
			);
			runOnlyForDeploymentPostprocessing = 0;
		};
/* End PBXSourcesBuildPhase section */

/* Begin XCBuildConfiguration section */
		D3675B7629B7E29600767078 /* Debug */ = {
			isa = XCBuildConfiguration;
			buildSettings = {
				ALWAYS_SEARCH_USER_PATHS = NO;
				CLANG_ANALYZER_NONNULL = YES;
				CLANG_ANALYZER_NUMBER_OBJECT_CONVERSION = YES_AGGRESSIVE;
				CLANG_CXX_LANGUAGE_STANDARD = "gnu++20";
				CLANG_ENABLE_MODULES = YES;
				CLANG_ENABLE_OBJC_ARC = YES;
				CLANG_ENABLE_OBJC_WEAK = YES;
				CLANG_WARN_BLOCK_CAPTURE_AUTORELEASING = YES;
				CLANG_WARN_BOOL_CONVERSION = YES;
				CLANG_WARN_COMMA = YES;
				CLANG_WARN_CONSTANT_CONVERSION = YES;
				CLANG_WARN_DEPRECATED_OBJC_IMPLEMENTATIONS = YES;
				CLANG_WARN_DIRECT_OBJC_ISA_USAGE = YES_ERROR;
				CLANG_WARN_DOCUMENTATION_COMMENTS = YES;
				CLANG_WARN_EMPTY_BODY = YES;
				CLANG_WARN_ENUM_CONVERSION = YES;
				CLANG_WARN_INFINITE_RECURSION = YES;
				CLANG_WARN_INT_CONVERSION = YES;
				CLANG_WARN_NON_LITERAL_NULL_CONVERSION = YES;
				CLANG_WARN_OBJC_IMPLICIT_RETAIN_SELF = YES;
				CLANG_WARN_OBJC_LITERAL_CONVERSION = YES;
				CLANG_WARN_OBJC_ROOT_CLASS = YES_ERROR;
				CLANG_WARN_QUOTED_INCLUDE_IN_FRAMEWORK_HEADER = YES;
				CLANG_WARN_RANGE_LOOP_ANALYSIS = YES;
				CLANG_WARN_STRICT_PROTOTYPES = YES;
				CLANG_WARN_SUSPICIOUS_MOVE = YES;
				CLANG_WARN_UNGUARDED_AVAILABILITY = YES_AGGRESSIVE;
				CLANG_WARN_UNREACHABLE_CODE = YES;
				CLANG_WARN__DUPLICATE_METHOD_MATCH = YES;
				COPY_PHASE_STRIP = NO;
				DEBUG_INFORMATION_FORMAT = dwarf;
				ENABLE_STRICT_OBJC_MSGSEND = YES;
				ENABLE_TESTABILITY = YES;
				GCC_C_LANGUAGE_STANDARD = gnu11;
				GCC_DYNAMIC_NO_PIC = NO;
				GCC_NO_COMMON_BLOCKS = YES;
				GCC_OPTIMIZATION_LEVEL = 0;
				GCC_PREPROCESSOR_DEFINITIONS = (
					"DEBUG=1",
					"$(inherited)",
				);
				GCC_WARN_64_TO_32_BIT_CONVERSION = YES;
				GCC_WARN_ABOUT_RETURN_TYPE = YES_ERROR;
				GCC_WARN_UNDECLARED_SELECTOR = YES;
				GCC_WARN_UNINITIALIZED_AUTOS = YES_AGGRESSIVE;
				GCC_WARN_UNUSED_FUNCTION = YES;
				GCC_WARN_UNUSED_VARIABLE = YES;
				MACOSX_DEPLOYMENT_TARGET = 13.1;
				MTL_ENABLE_DEBUG_INFO = INCLUDE_SOURCE;
				MTL_FAST_MATH = YES;
				ONLY_ACTIVE_ARCH = YES;
				SDKROOT = macosx;
			};
			name = Debug;
		};
		D3675B7729B7E29600767078 /* Release */ = {
			isa = XCBuildConfiguration;
			buildSettings = {
				ALWAYS_SEARCH_USER_PATHS = NO;
				CLANG_ANALYZER_NONNULL = YES;
				CLANG_ANALYZER_NUMBER_OBJECT_CONVERSION = YES_AGGRESSIVE;
				CLANG_CXX_LANGUAGE_STANDARD = "gnu++20";
				CLANG_ENABLE_MODULES = YES;
				CLANG_ENABLE_OBJC_ARC = YES;
				CLANG_ENABLE_OBJC_WEAK = YES;
				CLANG_WARN_BLOCK_CAPTURE_AUTORELEASING = YES;
				CLANG_WARN_BOOL_CONVERSION = YES;
				CLANG_WARN_COMMA = YES;
				CLANG_WARN_CONSTANT_CONVERSION = YES;
				CLANG_WARN_DEPRECATED_OBJC_IMPLEMENTATIONS = YES;
				CLANG_WARN_DIRECT_OBJC_ISA_USAGE = YES_ERROR;
				CLANG_WARN_DOCUMENTATION_COMMENTS = YES;
				CLANG_WARN_EMPTY_BODY = YES;
				CLANG_WARN_ENUM_CONVERSION = YES;
				CLANG_WARN_INFINITE_RECURSION = YES;
				CLANG_WARN_INT_CONVERSION = YES;
				CLANG_WARN_NON_LITERAL_NULL_CONVERSION = YES;
				CLANG_WARN_OBJC_IMPLICIT_RETAIN_SELF = YES;
				CLANG_WARN_OBJC_LITERAL_CONVERSION = YES;
				CLANG_WARN_OBJC_ROOT_CLASS = YES_ERROR;
				CLANG_WARN_QUOTED_INCLUDE_IN_FRAMEWORK_HEADER = YES;
				CLANG_WARN_RANGE_LOOP_ANALYSIS = YES;
				CLANG_WARN_STRICT_PROTOTYPES = YES;
				CLANG_WARN_SUSPICIOUS_MOVE = YES;
				CLANG_WARN_UNGUARDED_AVAILABILITY = YES_AGGRESSIVE;
				CLANG_WARN_UNREACHABLE_CODE = YES;
				CLANG_WARN__DUPLICATE_METHOD_MATCH = YES;
				COPY_PHASE_STRIP = NO;
				DEBUG_INFORMATION_FORMAT = "dwarf-with-dsym";
				ENABLE_NS_ASSERTIONS = NO;
				ENABLE_STRICT_OBJC_MSGSEND = YES;
				GCC_C_LANGUAGE_STANDARD = gnu11;
				GCC_NO_COMMON_BLOCKS = YES;
				GCC_WARN_64_TO_32_BIT_CONVERSION = YES;
				GCC_WARN_ABOUT_RETURN_TYPE = YES_ERROR;
				GCC_WARN_UNDECLARED_SELECTOR = YES;
				GCC_WARN_UNINITIALIZED_AUTOS = YES_AGGRESSIVE;
				GCC_WARN_UNUSED_FUNCTION = YES;
				GCC_WARN_UNUSED_VARIABLE = YES;
				MACOSX_DEPLOYMENT_TARGET = 13.1;
				MTL_ENABLE_DEBUG_INFO = NO;
				MTL_FAST_MATH = YES;
				SDKROOT = macosx;
			};
			name = Release;
		};
		D3675B7929B7E29600767078 /* Debug */ = {
			isa = XCBuildConfiguration;
			buildSettings = {
				CODE_SIGN_STYLE = Automatic;
				PRODUCT_NAME = "$(TARGET_NAME)";
			};
			name = Debug;
		};
		D3675B7A29B7E29600767078 /* Release */ = {
			isa = XCBuildConfiguration;
			buildSettings = {
				CODE_SIGN_STYLE = Automatic;
				PRODUCT_NAME = "$(TARGET_NAME)";
			};
			name = Release;
		};
/* End XCBuildConfiguration section */

/* Begin XCConfigurationList section */
		D3675B6C29B7E29600767078 /* Build configuration list for PBXProject "movieRecc" */ = {
			isa = XCConfigurationList;
			buildConfigurations = (
				D3675B7629B7E29600767078 /* Debug */,
				D3675B7729B7E29600767078 /* Release */,
			);
			defaultConfigurationIsVisible = 0;
			defaultConfigurationName = Release;
		};
		D3675B7829B7E29600767078 /* Build configuration list for PBXNativeTarget "movieRecc" */ = {
			isa = XCConfigurationList;
			buildConfigurations = (
				D3675B7929B7E29600767078 /* Debug */,
				D3675B7A29B7E29600767078 /* Release */,
			);
			defaultConfigurationIsVisible = 0;
			defaultConfigurationName = Release;
		};
/* End XCConfigurationList section */
	};
	rootObject = D3675B6929B7E29600767078 /* Project object */;
}
